dependencies:
- name: oauth2-proxy
  repository: https://oauth2-proxy.github.io/manifests
  version: 7.18.0
- name: incloud-web-resources
  repository: oci://registry-1.docker.io/prorobotech
  version: 0.1.2
digest: sha256:7333e684bcddfeda05ec0354a9811eb3ef8d7eb1565f51f3d1b3192f0a7c5fd4
generated: "2025-08-18T12:06:02.929096+03:00"
